{
  "requires": true,
  "lockfileVersion": 1,
  "dependencies": {
    "django-channels": {
      "version": "1.1.8",
      "resolved": "https://registry.npmjs.org/django-channels/-/django-channels-1.1.8.tgz",
      "integrity": "sha1-Fg1H7fu9cbjzheQuEcC3d10reI0=",
      "requires": {
        "reconnecting-websocket": "3.2.2"
      }
    },
    "reconnecting-websocket": {
      "version": "3.2.2",
      "resolved": "https://registry.npmjs.org/reconnecting-websocket/-/reconnecting-websocket-3.2.2.tgz",
      "integrity": "sha512-SWSfoXiaHVOqXuPWFgGWeUxKnb5HIY7I/Fh5C/hy4wUOgeOh7YIMXEiv5/eHBlNs4tNzCrO5YDR9AH62NWle0Q=="
    }
  }
}
